
Microsoft Visual Studio Solution File, Format Version 12.00
# Visual Studio 14
VisualStudioVersion = 14.0.25420.1
MinimumVisualStudioVersion = 10.0.40219.1
Project("{FAE04EC0-301F-11D3-BF4B-00C04F79EFBC}") = "Grammy", "Grammy\Grammy.csproj", "{5BAC7853-F50E-475F-9444-1998AA9AE97F}"
EndProject
Project("{FAE04EC0-301F-11D3-BF4B-00C04F79EFBC}") = "Grammy.Tests", "Grammy.Tests\Grammy.Tests.csproj", "{EF56DACB-21FA-4CED-A18C-242CA073DB7B}"
EndProject
Global
	GlobalSection(SolutionConfigurationPlatforms) = preSolution
		Debug|Any CPU = Debug|Any CPU
		Release|Any CPU = Release|Any CPU
	EndGlobalSection
	GlobalSection(ProjectConfigurationPlatforms) = postSolution
		{5BAC7853-F50E-475F-9444-1998AA9AE97F}.Debug|Any CPU.ActiveCfg = Debug|Any CPU
		{5BAC7853-F50E-475F-9444-1998AA9AE97F}.Debug|Any CPU.Build.0 = Debug|Any CPU
		{5BAC7853-F50E-475F-9444-1998AA9AE97F}.Release|Any CPU.ActiveCfg = Release|Any CPU
		{5BAC7853-F50E-475F-9444-1998AA9AE97F}.Release|Any CPU.Build.0 = Release|Any CPU
		{EF56DACB-21FA-4CED-A18C-242CA073DB7B}.Debug|Any CPU.ActiveCfg = Debug|Any CPU
		{EF56DACB-21FA-4CED-A18C-242CA073DB7B}.Debug|Any CPU.Build.0 = Debug|Any CPU
		{EF56DACB-21FA-4CED-A18C-242CA073DB7B}.Release|Any CPU.ActiveCfg = Release|Any CPU
		{EF56DACB-21FA-4CED-A18C-242CA073DB7B}.Release|Any CPU.Build.0 = Release|Any CPU
	EndGlobalSection
	GlobalSection(SolutionProperties) = preSolution
		HideSolutionNode = FALSE
	EndGlobalSection
EndGlobal
